
Microsoft Visual Studio Solution File, Format Version 12.00
# Visual Studio Version 16
VisualStudioVersion = 16.0.30717.126
MinimumVisualStudioVersion = 10.0.40219.1
Project("{FAE04EC0-301F-11D3-BF4B-00C04F79EFBC}") = "ConsoleApp1", "ConsoleApp1\ConsoleApp1.csproj", "{E443B103-C793-4F49-BDE9-FFFA6E66607A}"
EndProject
Global
	GlobalSection(SolutionConfigurationPlatforms) = preSolution
		Debug|Any CPU = Debug|Any CPU
		Release|Any CPU = Release|Any CPU
	EndGlobalSection
	GlobalSection(ProjectConfigurationPlatforms) = postSolution
		{E443B103-C793-4F49-BDE9-FFFA6E66607A}.Debug|Any CPU.ActiveCfg = Debug|Any CPU
		{E443B103-C793-4F49-BDE9-FFFA6E66607A}.Debug|Any CPU.Build.0 = Debug|Any CPU
		{E443B103-C793-4F49-BDE9-FFFA6E66607A}.Release|Any CPU.ActiveCfg = Release|Any CPU
		{E443B103-C793-4F49-BDE9-FFFA6E66607A}.Release|Any CPU.Build.0 = Release|Any CPU
	EndGlobalSection
	GlobalSection(SolutionProperties) = preSolution
		HideSolutionNode = FALSE
	EndGlobalSection
	GlobalSection(ExtensibilityGlobals) = postSolution
		SolutionGuid = {77903863-EBA0-4A92-88D9-4360C3A7E1D0}
	EndGlobalSection
EndGlobal
